
Microsoft Visual Studio Solution File, Format Version 10.00
# Visual Studio 2008
Project("{FAE04EC0-301F-11D3-BF4B-00C04F79EFBC}") = "Initialization", "Mac\Initialization\Initialization.csproj", "{AB02CAC4-93D5-4E6A-8F83-2BC90FB9EAAE}"
EndProject
Global
	GlobalSection(SolutionConfigurationPlatforms) = preSolution
		Debug|Any CPU = Debug|Any CPU
		Release|Any CPU = Release|Any CPU
	EndGlobalSection
	GlobalSection(ProjectConfigurationPlatforms) = postSolution
		{AB02CAC4-93D5-4E6A-8F83-2BC90FB9EAAE}.Debug|Any CPU.ActiveCfg = Debug|Any CPU
		{AB02CAC4-93D5-4E6A-8F83-2BC90FB9EAAE}.Debug|Any CPU.Build.0 = Debug|Any CPU
		{AB02CAC4-93D5-4E6A-8F83-2BC90FB9EAAE}.Release|Any CPU.ActiveCfg = Release|Any CPU
		{AB02CAC4-93D5-4E6A-8F83-2BC90FB9EAAE}.Release|Any CPU.Build.0 = Release|Any CPU
	EndGlobalSection
	GlobalSection(MonoDevelopProperties) = preSolution
		StartupItem = Mac\Initialization\Initialization.csproj
	EndGlobalSection
EndGlobal
